
Microsoft Visual Studio Solution File, Format Version 12.00
# Visual Studio Version 17
VisualStudioVersion = 17.1.32421.90
MinimumVisualStudioVersion = 10.0.40219.1
Project("{FAE04EC0-301F-11D3-BF4B-00C04F79EFBC}") = "Sprint_02", "Sprint_02.csproj", "{6274CEFA-B8F4-40A8-A4A0-5275ABD80E3D}"
EndProject
Global
	GlobalSection(SolutionConfigurationPlatforms) = preSolution
		Debug|Any CPU = Debug|Any CPU
		Release|Any CPU = Release|Any CPU
	EndGlobalSection
	GlobalSection(ProjectConfigurationPlatforms) = postSolution
		{6274CEFA-B8F4-40A8-A4A0-5275ABD80E3D}.Debug|Any CPU.ActiveCfg = Debug|Any CPU
		{6274CEFA-B8F4-40A8-A4A0-5275ABD80E3D}.Debug|Any CPU.Build.0 = Debug|Any CPU
		{6274CEFA-B8F4-40A8-A4A0-5275ABD80E3D}.Release|Any CPU.ActiveCfg = Release|Any CPU
		{6274CEFA-B8F4-40A8-A4A0-5275ABD80E3D}.Release|Any CPU.Build.0 = Release|Any CPU
	EndGlobalSection
	GlobalSection(SolutionProperties) = preSolution
		HideSolutionNode = FALSE
	EndGlobalSection
	GlobalSection(ExtensibilityGlobals) = postSolution
		SolutionGuid = {AC9BE85C-F563-4444-BEF7-922AF48FF6C3}
	EndGlobalSection
EndGlobal
